
Microsoft Visual Studio Solution File, Format Version 12.00
# Visual Studio Version 16
VisualStudioVersion = 16.0.29215.179
MinimumVisualStudioVersion = 10.0.40219.1
Project("{FAE04EC0-301F-11D3-BF4B-00C04F79EFBC}") = "ProyectoFinal3erParcial-Problemas-Con-El-Ateriror", "ProyectoFinal3erParcial-Problemas-Con-El-Ateriror\ProyectoFinal3erParcial-Problemas-Con-El-Ateriror.csproj", "{57ED8BFA-53C9-416F-B821-6CA024441527}"
EndProject
Global
	GlobalSection(SolutionConfigurationPlatforms) = preSolution
		Debug|Any CPU = Debug|Any CPU
		Release|Any CPU = Release|Any CPU
	EndGlobalSection
	GlobalSection(ProjectConfigurationPlatforms) = postSolution
		{57ED8BFA-53C9-416F-B821-6CA024441527}.Debug|Any CPU.ActiveCfg = Debug|Any CPU
		{57ED8BFA-53C9-416F-B821-6CA024441527}.Debug|Any CPU.Build.0 = Debug|Any CPU
		{57ED8BFA-53C9-416F-B821-6CA024441527}.Release|Any CPU.ActiveCfg = Release|Any CPU
		{57ED8BFA-53C9-416F-B821-6CA024441527}.Release|Any CPU.Build.0 = Release|Any CPU
	EndGlobalSection
	GlobalSection(SolutionProperties) = preSolution
		HideSolutionNode = FALSE
	EndGlobalSection
	GlobalSection(ExtensibilityGlobals) = postSolution
		SolutionGuid = {5B6DF268-C706-4508-BE7E-D887CF3CEB77}
	EndGlobalSection
EndGlobal
